
Microsoft Visual Studio Solution File, Format Version 12.00
# Visual Studio Version 16
VisualStudioVersion = 16.0.29503.13
MinimumVisualStudioVersion = 10.0.40219.1
Project("{FAE04EC0-301F-11D3-BF4B-00C04F79EFBC}") = "SapphireActionParseV2", "SapphireActionParseV2\SapphireActionParseV2.csproj", "{96CCD758-2B1B-4804-9582-D2E99509CA1E}"
EndProject
Global
	GlobalSection(SolutionConfigurationPlatforms) = preSolution
		Debug|Any CPU = Debug|Any CPU
		Release|Any CPU = Release|Any CPU
	EndGlobalSection
	GlobalSection(ProjectConfigurationPlatforms) = postSolution
		{96CCD758-2B1B-4804-9582-D2E99509CA1E}.Debug|Any CPU.ActiveCfg = Debug|Any CPU
		{96CCD758-2B1B-4804-9582-D2E99509CA1E}.Debug|Any CPU.Build.0 = Debug|Any CPU
		{96CCD758-2B1B-4804-9582-D2E99509CA1E}.Release|Any CPU.ActiveCfg = Release|Any CPU
		{96CCD758-2B1B-4804-9582-D2E99509CA1E}.Release|Any CPU.Build.0 = Release|Any CPU
	EndGlobalSection
	GlobalSection(SolutionProperties) = preSolution
		HideSolutionNode = FALSE
	EndGlobalSection
	GlobalSection(ExtensibilityGlobals) = postSolution
		SolutionGuid = {D66DF063-58B5-482B-96C4-BFF247686142}
	EndGlobalSection
EndGlobal
